
Microsoft Visual Studio Solution File, Format Version 12.00
# Visual Studio Version 17
VisualStudioVersion = 17.5.002.0
MinimumVisualStudioVersion = 10.0.40219.1
Project("{9A19103F-16F7-4668-BE54-9A1E7A4F7556}") = "dotnetsample", "dotnetsample.csproj", "{B763C4D1-BA69-486E-AD5F-8C3223D84E7F}"
EndProject
Global
	GlobalSection(SolutionConfigurationPlatforms) = preSolution
		Debug|Any CPU = Debug|Any CPU
		Release|Any CPU = Release|Any CPU
	EndGlobalSection
	GlobalSection(ProjectConfigurationPlatforms) = postSolution
		{B763C4D1-BA69-486E-AD5F-8C3223D84E7F}.Debug|Any CPU.ActiveCfg = Debug|Any CPU
		{B763C4D1-BA69-486E-AD5F-8C3223D84E7F}.Debug|Any CPU.Build.0 = Debug|Any CPU
		{B763C4D1-BA69-486E-AD5F-8C3223D84E7F}.Release|Any CPU.ActiveCfg = Release|Any CPU
		{B763C4D1-BA69-486E-AD5F-8C3223D84E7F}.Release|Any CPU.Build.0 = Release|Any CPU
	EndGlobalSection
	GlobalSection(SolutionProperties) = preSolution
		HideSolutionNode = FALSE
	EndGlobalSection
	GlobalSection(ExtensibilityGlobals) = postSolution
		SolutionGuid = {94F5AF4B-CA3E-4FD1-A3D4-638D93E9C19C}
	EndGlobalSection
EndGlobal
